lockfileVersion: '9.0'

settings:
  autoInstallPeers: true
  excludeLinksFromLockfile: false

importers:

  .:
    dependencies:
      hosted-git-info:
        specifier: ^7.0.2
        version: 7.0.2
      markdown-table:
        specifier: ^3.0.3
        version: 3.0.3
      yaml:
        specifier: ^2.4.5
        version: 2.4.5

packages:

  hosted-git-info@7.0.2:
    resolution: {integrity: sha512-puUZAUKT5m8Zzvs72XWy3HtvVbTWljRE66cP60bxJzAqf2DgICo7lYTY2IHUmLnNpjYvw5bvmoHvPc0QO2a62w==}
    engines: {node: ^16.14.0 || >=18.0.0}

  lru-cache@10.3.0:
    resolution: {integrity: sha512-CQl19J/g+Hbjbv4Y3mFNNXFEL/5t/KCg8POCuUqd4rMKjGG+j1ybER83hxV58zL+dFI1PTkt3GNFSHRt+d8qEQ==}
    engines: {node: 14 || >=16.14}

  markdown-table@3.0.3:
    resolution: {integrity: sha512-Z1NL3Tb1M9wH4XESsCDEksWoKTdlUafKc4pt0GRwjUyXaCFZ+dc3g2erqB6zm3szA2IUSi7VnPI+o/9jnxh9hw==}

  yaml@2.4.5:
    resolution: {integrity: sha512-aBx2bnqDzVOyNKfsysjA2ms5ZlnjSAW2eG3/L5G/CSujfjLJTJsEw1bGw8kCf04KodQWk1pxlGnZ56CRxiawmg==}
    engines: {node: '>= 14'}
    hasBin: true

snapshots:

  hosted-git-info@7.0.2:
    dependencies:
      lru-cache: 10.3.0

  lru-cache@10.3.0: {}

  markdown-table@3.0.3: {}

  yaml@2.4.5: {}
